// !$*UTF8*$!
{
	archiveVersion = 1;
	classes = {
	};
	objectVersion = 56;
	objects = {

/* Begin PBXBuildFile section */
		F141CDAA2A4DBF5B009658AD /* Tab.swift in Sources */ = {isa = PBXBuildFile; fileRef = F141CDA92A4DBF5B009658AD /* Tab.swift */; };
		F141CDAC2A4DC774009658AD /* MasterDetailView.swift in Sources */ = {isa = PBXBuildFile; fileRef = F141CDAB2A4DC774009658AD /* MasterDetailView.swift */; };
		F141CDCF2A4F4C79009658AD /* Route.swift in Sources */ = {isa = PBXBuildFile; fileRef = F141CDCE2A4F4C79009658AD /* Route.swift */; };
		F141CDD22A4F4CD2009658AD /* HomeView.swift in Sources */ = {isa = PBXBuildFile; fileRef = F141CDD12A4F4CD2009658AD /* HomeView.swift */; };
		F141CDD42A4F4CDC009658AD /* AppointmentsView.swift in Sources */ = {isa = PBXBuildFile; fileRef = F141CDD32A4F4CDC009658AD /* AppointmentsView.swift */; };
		F141CDD62A4F4CE8009658AD /* InspectorView.swift in Sources */ = {isa = PBXBuildFile; fileRef = F141CDD52A4F4CE8009658AD /* InspectorView.swift */; };
		F17320712A4CAC5100AD13D6 /* MasterDetailApp.swift in Sources */ = {isa = PBXBuildFile; fileRef = F17320702A4CAC5100AD13D6 /* MasterDetailApp.swift */; };
		F17320732A4CAC5100AD13D6 /* ContentView.swift in Sources */ = {isa = PBXBuildFile; fileRef = F17320722A4CAC5100AD13D6 /* ContentView.swift */; };
		F17320752A4CAC5300AD13D6 /* Assets.xcassets in Resources */ = {isa = PBXBuildFile; fileRef = F17320742A4CAC5300AD13D6 /* Assets.xcassets */; };
		F17320792A4CAC5300AD13D6 /* Preview Assets.xcassets in Resources */ = {isa = PBXBuildFile; fileRef = F17320782A4CAC5300AD13D6 /* Preview Assets.xcassets */; };
		F17320802A4CACD300AD13D6 /* UIDeviceExt.swift in Sources */ = {isa = PBXBuildFile; fileRef = F173207F2A4CACD300AD13D6 /* UIDeviceExt.swift */; };
		F17320842A4CD43800AD13D6 /* MasterView.swift in Sources */ = {isa = PBXBuildFile; fileRef = F17320832A4CD43800AD13D6 /* MasterView.swift */; };
		F1E8ED222A55E00400726629 /* MasterDetailSample.swift in Sources */ = {isa = PBXBuildFile; fileRef = F1E8ED212A55E00400726629 /* MasterDetailSample.swift */; };
		F1E8ED2E2A55E14100726629 /* MasterDetailSample1.swift in Sources */ = {isa = PBXBuildFile; fileRef = F1E8ED2D2A55E14100726629 /* MasterDetailSample1.swift */; };
		F1E8ED312A55E16600726629 /* ViewSelector.swift in Sources */ = {isa = PBXBuildFile; fileRef = F1E8ED302A55E16600726629 /* ViewSelector.swift */; };
		F1E8ED342A55E5CB00726629 /* ProfileView.swift in Sources */ = {isa = PBXBuildFile; fileRef = F1E8ED332A55E5CB00726629 /* ProfileView.swift */; };
		F1E8ED362A55E5D500726629 /* SettingsView.swift in Sources */ = {isa = PBXBuildFile; fileRef = F1E8ED352A55E5D500726629 /* SettingsView.swift */; };
		F1E8ED382A55E5DF00726629 /* ChatView.swift in Sources */ = {isa = PBXBuildFile; fileRef = F1E8ED372A55E5DF00726629 /* ChatView.swift */; };
		F1E8ED3A2A55E81600726629 /* DetailViewsSvc.swift in Sources */ = {isa = PBXBuildFile; fileRef = F1E8ED392A55E81600726629 /* DetailViewsSvc.swift */; };
		F1E8ED3C2A55ECED00726629 /* MasterRowView.swift in Sources */ = {isa = PBXBuildFile; fileRef = F1E8ED3B2A55ECED00726629 /* MasterRowView.swift */; };
		F1E8ED3E2A56030100726629 /* PhoneViewSvc.swift in Sources */ = {isa = PBXBuildFile; fileRef = F1E8ED3D2A56030100726629 /* PhoneViewSvc.swift */; };
/* End PBXBuildFile section */

/* Begin PBXFileReference section */
		F141CDA92A4DBF5B009658AD /* Tab.swift */ = {isa = PBXFileReference; lastKnownFileType = sourcecode.swift; path = Tab.swift; sourceTree = "<group>"; };
		F141CDAB2A4DC774009658AD /* MasterDetailView.swift */ = {isa = PBXFileReference; lastKnownFileType = sourcecode.swift; path = MasterDetailView.swift; sourceTree = "<group>"; };
		F141CDCE2A4F4C79009658AD /* Route.swift */ = {isa = PBXFileReference; lastKnownFileType = sourcecode.swift; path = Route.swift; sourceTree = "<group>"; };
		F141CDD12A4F4CD2009658AD /* HomeView.swift */ = {isa = PBXFileReference; lastKnownFileType = sourcecode.swift; path = HomeView.swift; sourceTree = "<group>"; };
		F141CDD32A4F4CDC009658AD /* AppointmentsView.swift */ = {isa = PBXFileReference; lastKnownFileType = sourcecode.swift; path = AppointmentsView.swift; sourceTree = "<group>"; };
		F141CDD52A4F4CE8009658AD /* InspectorView.swift */ = {isa = PBXFileReference; lastKnownFileType = sourcecode.swift; path = InspectorView.swift; sourceTree = "<group>"; };
		F173206D2A4CAC5100AD13D6 /* MasterDetail.app */ = {isa = PBXFileReference; explicitFileType = wrapper.application; includeInIndex = 0; path = MasterDetail.app; sourceTree = BUILT_PRODUCTS_DIR; };
		F17320702A4CAC5100AD13D6 /* MasterDetailApp.swift */ = {isa = PBXFileReference; lastKnownFileType = sourcecode.swift; path = MasterDetailApp.swift; sourceTree = "<group>"; };
		F17320722A4CAC5100AD13D6 /* ContentView.swift */ = {isa = PBXFileReference; lastKnownFileType = sourcecode.swift; path = ContentView.swift; sourceTree = "<group>"; };
		F17320742A4CAC5300AD13D6 /* Assets.xcassets */ = {isa = PBXFileReference; lastKnownFileType = folder.assetcatalog; path = Assets.xcassets; sourceTree = "<group>"; };
		F17320762A4CAC5300AD13D6 /* MasterDetail.entitlements */ = {isa = PBXFileReference; lastKnownFileType = text.plist.entitlements; path = MasterDetail.entitlements; sourceTree = "<group>"; };
		F17320782A4CAC5300AD13D6 /* Preview Assets.xcassets */ = {isa = PBXFileReference; lastKnownFileType = folder.assetcatalog; path = "Preview Assets.xcassets"; sourceTree = "<group>"; };
		F173207F2A4CACD300AD13D6 /* UIDeviceExt.swift */ = {isa = PBXFileReference; lastKnownFileType = sourcecode.swift; path = UIDeviceExt.swift; sourceTree = "<group>"; };
		F17320832A4CD43800AD13D6 /* MasterView.swift */ = {isa = PBXFileReference; lastKnownFileType = sourcecode.swift; path = MasterView.swift; sourceTree = "<group>"; };
		F1E8ED212A55E00400726629 /* MasterDetailSample.swift */ = {isa = PBXFileReference; lastKnownFileType = sourcecode.swift; path = MasterDetailSample.swift; sourceTree = "<group>"; };
		F1E8ED2D2A55E14100726629 /* MasterDetailSample1.swift */ = {isa = PBXFileReference; lastKnownFileType = sourcecode.swift; path = MasterDetailSample1.swift; sourceTree = "<group>"; };
		F1E8ED302A55E16600726629 /* ViewSelector.swift */ = {isa = PBXFileReference; lastKnownFileType = sourcecode.swift; path = ViewSelector.swift; sourceTree = "<group>"; };
		F1E8ED332A55E5CB00726629 /* ProfileView.swift */ = {isa = PBXFileReference; lastKnownFileType = sourcecode.swift; path = ProfileView.swift; sourceTree = "<group>"; };
		F1E8ED352A55E5D500726629 /* SettingsView.swift */ = {isa = PBXFileReference; lastKnownFileType = sourcecode.swift; path = SettingsView.swift; sourceTree = "<group>"; };
		F1E8ED372A55E5DF00726629 /* ChatView.swift */ = {isa = PBXFileReference; lastKnownFileType = sourcecode.swift; path = ChatView.swift; sourceTree = "<group>"; };
		F1E8ED392A55E81600726629 /* DetailViewsSvc.swift */ = {isa = PBXFileReference; lastKnownFileType = sourcecode.swift; path = DetailViewsSvc.swift; sourceTree = "<group>"; };
		F1E8ED3B2A55ECED00726629 /* MasterRowView.swift */ = {isa = PBXFileReference; lastKnownFileType = sourcecode.swift; path = MasterRowView.swift; sourceTree = "<group>"; };
		F1E8ED3D2A56030100726629 /* PhoneViewSvc.swift */ = {isa = PBXFileReference; lastKnownFileType = sourcecode.swift; path = PhoneViewSvc.swift; sourceTree = "<group>"; };
/* End PBXFileReference section */

/* Begin PBXFrameworksBuildPhase section */
		F173206A2A4CAC5100AD13D6 /* Frameworks */ = {
			isa = PBXFrameworksBuildPhase;
			buildActionMask = 2147483647;
			files = (
			);
			runOnlyForDeploymentPostprocessing = 0;
		};
/* End PBXFrameworksBuildPhase section */

/* Begin PBXGroup section */
		F141CDD02A4F4CC8009658AD /* DetailViews */ = {
			isa = PBXGroup;
			children = (
				F141CDD12A4F4CD2009658AD /* HomeView.swift */,
				F141CDD32A4F4CDC009658AD /* AppointmentsView.swift */,
				F141CDD52A4F4CE8009658AD /* InspectorView.swift */,
			);
			path = DetailViews;
			sourceTree = "<group>";
		};
		F17320642A4CAC5100AD13D6 = {
			isa = PBXGroup;
			children = (
				F173206F2A4CAC5100AD13D6 /* MasterDetail */,
				F173206E2A4CAC5100AD13D6 /* Products */,
			);
			sourceTree = "<group>";
		};
		F173206E2A4CAC5100AD13D6 /* Products */ = {
			isa = PBXGroup;
			children = (
				F173206D2A4CAC5100AD13D6 /* MasterDetail.app */,
			);
			name = Products;
			sourceTree = "<group>";
		};
		F173206F2A4CAC5100AD13D6 /* MasterDetail */ = {
			isa = PBXGroup;
			children = (
				F1E8ED242A55E0D200726629 /* MasterDetailSample2 */,
				F1E8ED202A55DF8800726629 /* MasterDetailExample1 */,
				F1E8ED1F2A55DF6800726629 /* MasterDetailView */,
				F17320702A4CAC5100AD13D6 /* MasterDetailApp.swift */,
				F17320722A4CAC5100AD13D6 /* ContentView.swift */,
				F17320742A4CAC5300AD13D6 /* Assets.xcassets */,
				F17320762A4CAC5300AD13D6 /* MasterDetail.entitlements */,
				F17320772A4CAC5300AD13D6 /* Preview Content */,
			);
			path = MasterDetail;
			sourceTree = "<group>";
		};
		F17320772A4CAC5300AD13D6 /* Preview Content */ = {
			isa = PBXGroup;
			children = (
				F17320782A4CAC5300AD13D6 /* Preview Assets.xcassets */,
			);
			path = "Preview Content";
			sourceTree = "<group>";
		};
		F1E8ED1F2A55DF6800726629 /* MasterDetailView */ = {
			isa = PBXGroup;
			children = (
				F141CDAB2A4DC774009658AD /* MasterDetailView.swift */,
				F17320832A4CD43800AD13D6 /* MasterView.swift */,
				F1E8ED3B2A55ECED00726629 /* MasterRowView.swift */,
				F141CDA92A4DBF5B009658AD /* Tab.swift */,
				F173207F2A4CACD300AD13D6 /* UIDeviceExt.swift */,
				F1E8ED392A55E81600726629 /* DetailViewsSvc.swift */,
				F1E8ED3D2A56030100726629 /* PhoneViewSvc.swift */,
			);
			path = MasterDetailView;
			sourceTree = "<group>";
		};
		F1E8ED202A55DF8800726629 /* MasterDetailExample1 */ = {
			isa = PBXGroup;
			children = (
				F141CDCE2A4F4C79009658AD /* Route.swift */,
				F141CDD02A4F4CC8009658AD /* DetailViews */,
				F1E8ED212A55E00400726629 /* MasterDetailSample.swift */,
			);
			path = MasterDetailExample1;
			sourceTree = "<group>";
		};
		F1E8ED242A55E0D200726629 /* MasterDetailSample2 */ = {
			isa = PBXGroup;
			children = (
				F1E8ED302A55E16600726629 /* ViewSelector.swift */,
				F1E8ED322A55E5BE00726629 /* DetailViews */,
				F1E8ED2D2A55E14100726629 /* MasterDetailSample1.swift */,
			);
			path = MasterDetailSample2;
			sourceTree = "<group>";
		};
		F1E8ED322A55E5BE00726629 /* DetailViews */ = {
			isa = PBXGroup;
			children = (
				F1E8ED332A55E5CB00726629 /* ProfileView.swift */,
				F1E8ED352A55E5D500726629 /* SettingsView.swift */,
				F1E8ED372A55E5DF00726629 /* ChatView.swift */,
			);
			path = DetailViews;
			sourceTree = "<group>";
		};
/* End PBXGroup section */

/* Begin PBXNativeTarget section */
		F173206C2A4CAC5100AD13D6 /* MasterDetail */ = {
			isa = PBXNativeTarget;
			buildConfigurationList = F173207C2A4CAC5300AD13D6 /* Build configuration list for PBXNativeTarget "MasterDetail" */;
			buildPhases = (
				F17320692A4CAC5100AD13D6 /* Sources */,
				F173206A2A4CAC5100AD13D6 /* Frameworks */,
				F173206B2A4CAC5100AD13D6 /* Resources */,
			);
			buildRules = (
			);
			dependencies = (
			);
			name = MasterDetail;
			productName = MasterDetail;
			productReference = F173206D2A4CAC5100AD13D6 /* MasterDetail.app */;
			productType = "com.apple.product-type.application";
		};
/* End PBXNativeTarget section */

/* Begin PBXProject section */
		F17320652A4CAC5100AD13D6 /* Project object */ = {
			isa = PBXProject;
			attributes = {
				BuildIndependentTargetsInParallel = 1;
				LastSwiftUpdateCheck = 1430;
				LastUpgradeCheck = 1430;
				TargetAttributes = {
					F173206C2A4CAC5100AD13D6 = {
						CreatedOnToolsVersion = 14.3;
					};
				};
			};
			buildConfigurationList = F17320682A4CAC5100AD13D6 /* Build configuration list for PBXProject "MasterDetail" */;
			compatibilityVersion = "Xcode 14.0";
			developmentRegion = en;
			hasScannedForEncodings = 0;
			knownRegions = (
				en,
				Base,
			);
			mainGroup = F17320642A4CAC5100AD13D6;
			productRefGroup = F173206E2A4CAC5100AD13D6 /* Products */;
			projectDirPath = "";
			projectRoot = "";
			targets = (
				F173206C2A4CAC5100AD13D6 /* MasterDetail */,
			);
		};
/* End PBXProject section */

/* Begin PBXResourcesBuildPhase section */
		F173206B2A4CAC5100AD13D6 /* Resources */ = {
			isa = PBXResourcesBuildPhase;
			buildActionMask = 2147483647;
			files = (
				F17320792A4CAC5300AD13D6 /* Preview Assets.xcassets in Resources */,
				F17320752A4CAC5300AD13D6 /* Assets.xcassets in Resources */,
			);
			runOnlyForDeploymentPostprocessing = 0;
		};
/* End PBXResourcesBuildPhase section */

/* Begin PBXSourcesBuildPhase section */
		F17320692A4CAC5100AD13D6 /* Sources */ = {
			isa = PBXSourcesBuildPhase;
			buildActionMask = 2147483647;
			files = (
				F141CDCF2A4F4C79009658AD /* Route.swift in Sources */,
				F17320732A4CAC5100AD13D6 /* ContentView.swift in Sources */,
				F1E8ED382A55E5DF00726629 /* ChatView.swift in Sources */,
				F141CDAA2A4DBF5B009658AD /* Tab.swift in Sources */,
				F141CDD22A4F4CD2009658AD /* HomeView.swift in Sources */,
				F1E8ED3E2A56030100726629 /* PhoneViewSvc.swift in Sources */,
				F1E8ED312A55E16600726629 /* ViewSelector.swift in Sources */,
				F1E8ED222A55E00400726629 /* MasterDetailSample.swift in Sources */,
				F17320712A4CAC5100AD13D6 /* MasterDetailApp.swift in Sources */,
				F1E8ED2E2A55E14100726629 /* MasterDetailSample1.swift in Sources */,
				F17320842A4CD43800AD13D6 /* MasterView.swift in Sources */,
				F141CDAC2A4DC774009658AD /* MasterDetailView.swift in Sources */,
				F1E8ED3A2A55E81600726629 /* DetailViewsSvc.swift in Sources */,
				F17320802A4CACD300AD13D6 /* UIDeviceExt.swift in Sources */,
				F141CDD62A4F4CE8009658AD /* InspectorView.swift in Sources */,
				F1E8ED3C2A55ECED00726629 /* MasterRowView.swift in Sources */,
				F141CDD42A4F4CDC009658AD /* AppointmentsView.swift in Sources */,
				F1E8ED342A55E5CB00726629 /* ProfileView.swift in Sources */,
				F1E8ED362A55E5D500726629 /* SettingsView.swift in Sources */,
			);
			runOnlyForDeploymentPostprocessing = 0;
		};
/* End PBXSourcesBuildPhase section */

/* Begin XCBuildConfiguration section */
		F173207A2A4CAC5300AD13D6 /* Debug */ = {
			isa = XCBuildConfiguration;
			buildSettings = {
				ALWAYS_SEARCH_USER_PATHS = NO;
				CLANG_ANALYZER_NONNULL = YES;
				CLANG_ANALYZER_NUMBER_OBJECT_CONVERSION = YES_AGGRESSIVE;
				CLANG_CXX_LANGUAGE_STANDARD = "gnu++20";
				CLANG_ENABLE_MODULES = YES;
				CLANG_ENABLE_OBJC_ARC = YES;
				CLANG_ENABLE_OBJC_WEAK = YES;
				CLANG_WARN_BLOCK_CAPTURE_AUTORELEASING = YES;
				CLANG_WARN_BOOL_CONVERSION = YES;
				CLANG_WARN_COMMA = YES;
				CLANG_WARN_CONSTANT_CONVERSION = YES;
				CLANG_WARN_DEPRECATED_OBJC_IMPLEMENTATIONS = YES;
				CLANG_WARN_DIRECT_OBJC_ISA_USAGE = YES_ERROR;
				CLANG_WARN_DOCUMENTATION_COMMENTS = YES;
				CLANG_WARN_EMPTY_BODY = YES;
				CLANG_WARN_ENUM_CONVERSION = YES;
				CLANG_WARN_INFINITE_RECURSION = YES;
				CLANG_WARN_INT_CONVERSION = YES;
				CLANG_WARN_NON_LITERAL_NULL_CONVERSION = YES;
				CLANG_WARN_OBJC_IMPLICIT_RETAIN_SELF = YES;
				CLANG_WARN_OBJC_LITERAL_CONVERSION = YES;
				CLANG_WARN_OBJC_ROOT_CLASS = YES_ERROR;
				CLANG_WARN_QUOTED_INCLUDE_IN_FRAMEWORK_HEADER = YES;
				CLANG_WARN_RANGE_LOOP_ANALYSIS = YES;
				CLANG_WARN_STRICT_PROTOTYPES = YES;
				CLANG_WARN_SUSPICIOUS_MOVE = YES;
				CLANG_WARN_UNGUARDED_AVAILABILITY = YES_AGGRESSIVE;
				CLANG_WARN_UNREACHABLE_CODE = YES;
				CLANG_WARN__DUPLICATE_METHOD_MATCH = YES;
				COPY_PHASE_STRIP = NO;
				DEBUG_INFORMATION_FORMAT = dwarf;
				ENABLE_STRICT_OBJC_MSGSEND = YES;
				ENABLE_TESTABILITY = YES;
				GCC_C_LANGUAGE_STANDARD = gnu11;
				GCC_DYNAMIC_NO_PIC = NO;
				GCC_NO_COMMON_BLOCKS = YES;
				GCC_OPTIMIZATION_LEVEL = 0;
				GCC_PREPROCESSOR_DEFINITIONS = (
					"DEBUG=1",
					"$(inherited)",
				);
				GCC_WARN_64_TO_32_BIT_CONVERSION = YES;
				GCC_WARN_ABOUT_RETURN_TYPE = YES_ERROR;
				GCC_WARN_UNDECLARED_SELECTOR = YES;
				GCC_WARN_UNINITIALIZED_AUTOS = YES_AGGRESSIVE;
				GCC_WARN_UNUSED_FUNCTION = YES;
				GCC_WARN_UNUSED_VARIABLE = YES;
				MTL_ENABLE_DEBUG_INFO = INCLUDE_SOURCE;
				MTL_FAST_MATH = YES;
				ONLY_ACTIVE_ARCH = YES;
				SWIFT_ACTIVE_COMPILATION_CONDITIONS = DEBUG;
				SWIFT_OPTIMIZATION_LEVEL = "-Onone";
			};
			name = Debug;
		};
		F173207B2A4CAC5300AD13D6 /* Release */ = {
			isa = XCBuildConfiguration;
			buildSettings = {
				ALWAYS_SEARCH_USER_PATHS = NO;
				CLANG_ANALYZER_NONNULL = YES;
				CLANG_ANALYZER_NUMBER_OBJECT_CONVERSION = YES_AGGRESSIVE;
				CLANG_CXX_LANGUAGE_STANDARD = "gnu++20";
				CLANG_ENABLE_MODULES = YES;
				CLANG_ENABLE_OBJC_ARC = YES;
				CLANG_ENABLE_OBJC_WEAK = YES;
				CLANG_WARN_BLOCK_CAPTURE_AUTORELEASING = YES;
				CLANG_WARN_BOOL_CONVERSION = YES;
				CLANG_WARN_COMMA = YES;
				CLANG_WARN_CONSTANT_CONVERSION = YES;
				CLANG_WARN_DEPRECATED_OBJC_IMPLEMENTATIONS = YES;
				CLANG_WARN_DIRECT_OBJC_ISA_USAGE = YES_ERROR;
				CLANG_WARN_DOCUMENTATION_COMMENTS = YES;
				CLANG_WARN_EMPTY_BODY = YES;
				CLANG_WARN_ENUM_CONVERSION = YES;
				CLANG_WARN_INFINITE_RECURSION = YES;
				CLANG_WARN_INT_CONVERSION = YES;
				CLANG_WARN_NON_LITERAL_NULL_CONVERSION = YES;
				CLANG_WARN_OBJC_IMPLICIT_RETAIN_SELF = YES;
				CLANG_WARN_OBJC_LITERAL_CONVERSION = YES;
				CLANG_WARN_OBJC_ROOT_CLASS = YES_ERROR;
				CLANG_WARN_QUOTED_INCLUDE_IN_FRAMEWORK_HEADER = YES;
				CLANG_WARN_RANGE_LOOP_ANALYSIS = YES;
				CLANG_WARN_STRICT_PROTOTYPES = YES;
				CLANG_WARN_SUSPICIOUS_MOVE = YES;
				CLANG_WARN_UNGUARDED_AVAILABILITY = YES_AGGRESSIVE;
				CLANG_WARN_UNREACHABLE_CODE = YES;
				CLANG_WARN__DUPLICATE_METHOD_MATCH = YES;
				COPY_PHASE_STRIP = NO;
				DEBUG_INFORMATION_FORMAT = "dwarf-with-dsym";
				ENABLE_NS_ASSERTIONS = NO;
				ENABLE_STRICT_OBJC_MSGSEND = YES;
				GCC_C_LANGUAGE_STANDARD = gnu11;
				GCC_NO_COMMON_BLOCKS = YES;
				GCC_WARN_64_TO_32_BIT_CONVERSION = YES;
				GCC_WARN_ABOUT_RETURN_TYPE = YES_ERROR;
				GCC_WARN_UNDECLARED_SELECTOR = YES;
				GCC_WARN_UNINITIALIZED_AUTOS = YES_AGGRESSIVE;
				GCC_WARN_UNUSED_FUNCTION = YES;
				GCC_WARN_UNUSED_VARIABLE = YES;
				MTL_ENABLE_DEBUG_INFO = NO;
				MTL_FAST_MATH = YES;
				SWIFT_COMPILATION_MODE = wholemodule;
				SWIFT_OPTIMIZATION_LEVEL = "-O";
			};
			name = Release;
		};
		F173207D2A4CAC5300AD13D6 /* Debug */ = {
			isa = XCBuildConfiguration;
			buildSettings = {
				ASSETCATALOG_COMPILER_APPICON_NAME = AppIcon;
				ASSETCATALOG_COMPILER_GLOBAL_ACCENT_COLOR_NAME = AccentColor;
				CODE_SIGN_ENTITLEMENTS = MasterDetail/MasterDetail.entitlements;
				CODE_SIGN_STYLE = Automatic;
				CURRENT_PROJECT_VERSION = 1;
				DEVELOPMENT_ASSET_PATHS = "\"MasterDetail/Preview Content\"";
				DEVELOPMENT_TEAM = 72YWPUVUXH;
				ENABLE_HARDENED_RUNTIME = YES;
				ENABLE_PREVIEWS = YES;
				GENERATE_INFOPLIST_FILE = YES;
				"INFOPLIST_KEY_UIApplicationSceneManifest_Generation[sdk=iphoneos*]" = YES;
				"INFOPLIST_KEY_UIApplicationSceneManifest_Generation[sdk=iphonesimulator*]" = YES;
				"INFOPLIST_KEY_UIApplicationSupportsIndirectInputEvents[sdk=iphoneos*]" = YES;
				"INFOPLIST_KEY_UIApplicationSupportsIndirectInputEvents[sdk=iphonesimulator*]" = YES;
				"INFOPLIST_KEY_UILaunchScreen_Generation[sdk=iphoneos*]" = YES;
				"INFOPLIST_KEY_UILaunchScreen_Generation[sdk=iphonesimulator*]" = YES;
				"INFOPLIST_KEY_UIStatusBarStyle[sdk=iphoneos*]" = UIStatusBarStyleDefault;
				"INFOPLIST_KEY_UIStatusBarStyle[sdk=iphonesimulator*]" = UIStatusBarStyleDefault;
				INFOPLIST_KEY_UISupportedInterfaceOrientations_iPad = "UIInterfaceOrientationPortrait UIInterfaceOrientationPortraitUpsideDown UIInterfaceOrientationLandscapeLeft UIInterfaceOrientationLandscapeRight";
				INFOPLIST_KEY_UISupportedInterfaceOrientations_iPhone = "UIInterfaceOrientationPortrait UIInterfaceOrientationLandscapeLeft UIInterfaceOrientationLandscapeRight";
				IPHONEOS_DEPLOYMENT_TARGET = 16.4;
				LD_RUNPATH_SEARCH_PATHS = "@executable_path/Frameworks";
				"LD_RUNPATH_SEARCH_PATHS[sdk=macosx*]" = "@executable_path/../Frameworks";
				MACOSX_DEPLOYMENT_TARGET = 13.3;
				MARKETING_VERSION = 1.0;
				PRODUCT_BUNDLE_IDENTIFIER = com.MasterDetail;
				PRODUCT_NAME = "$(TARGET_NAME)";
				SDKROOT = auto;
				SUPPORTED_PLATFORMS = "iphoneos iphonesimulator macosx";
				SWIFT_EMIT_LOC_STRINGS = YES;
				SWIFT_VERSION = 5.0;
				TARGETED_DEVICE_FAMILY = "1,2";
			};
			name = Debug;
		};
		F173207E2A4CAC5300AD13D6 /* Release */ = {
			isa = XCBuildConfiguration;
			buildSettings = {
				ASSETCATALOG_COMPILER_APPICON_NAME = AppIcon;
				ASSETCATALOG_COMPILER_GLOBAL_ACCENT_COLOR_NAME = AccentColor;
				CODE_SIGN_ENTITLEMENTS = MasterDetail/MasterDetail.entitlements;
				CODE_SIGN_STYLE = Automatic;
				CURRENT_PROJECT_VERSION = 1;
				DEVELOPMENT_ASSET_PATHS = "\"MasterDetail/Preview Content\"";
				DEVELOPMENT_TEAM = 72YWPUVUXH;
				ENABLE_HARDENED_RUNTIME = YES;
				ENABLE_PREVIEWS = YES;
				GENERATE_INFOPLIST_FILE = YES;
				"INFOPLIST_KEY_UIApplicationSceneManifest_Generation[sdk=iphoneos*]" = YES;
				"INFOPLIST_KEY_UIApplicationSceneManifest_Generation[sdk=iphonesimulator*]" = YES;
				"INFOPLIST_KEY_UIApplicationSupportsIndirectInputEvents[sdk=iphoneos*]" = YES;
				"INFOPLIST_KEY_UIApplicationSupportsIndirectInputEvents[sdk=iphonesimulator*]" = YES;
				"INFOPLIST_KEY_UILaunchScreen_Generation[sdk=iphoneos*]" = YES;
				"INFOPLIST_KEY_UILaunchScreen_Generation[sdk=iphonesimulator*]" = YES;
				"INFOPLIST_KEY_UIStatusBarStyle[sdk=iphoneos*]" = UIStatusBarStyleDefault;
				"INFOPLIST_KEY_UIStatusBarStyle[sdk=iphonesimulator*]" = UIStatusBarStyleDefault;
				INFOPLIST_KEY_UISupportedInterfaceOrientations_iPad = "UIInterfaceOrientationPortrait UIInterfaceOrientationPortraitUpsideDown UIInterfaceOrientationLandscapeLeft UIInterfaceOrientationLandscapeRight";
				INFOPLIST_KEY_UISupportedInterfaceOrientations_iPhone = "UIInterfaceOrientationPortrait UIInterfaceOrientationLandscapeLeft UIInterfaceOrientationLandscapeRight";
				IPHONEOS_DEPLOYMENT_TARGET = 16.4;
				LD_RUNPATH_SEARCH_PATHS = "@executable_path/Frameworks";
				"LD_RUNPATH_SEARCH_PATHS[sdk=macosx*]" = "@executable_path/../Frameworks";
				MACOSX_DEPLOYMENT_TARGET = 13.3;
				MARKETING_VERSION = 1.0;
				PRODUCT_BUNDLE_IDENTIFIER = com.MasterDetail;
				PRODUCT_NAME = "$(TARGET_NAME)";
				SDKROOT = auto;
				SUPPORTED_PLATFORMS = "iphoneos iphonesimulator macosx";
				SWIFT_EMIT_LOC_STRINGS = YES;
				SWIFT_VERSION = 5.0;
				TARGETED_DEVICE_FAMILY = "1,2";
			};
			name = Release;
		};
/* End XCBuildConfiguration section */

/* Begin XCConfigurationList section */
		F17320682A4CAC5100AD13D6 /* Build configuration list for PBXProject "MasterDetail" */ = {
			isa = XCConfigurationList;
			buildConfigurations = (
				F173207A2A4CAC5300AD13D6 /* Debug */,
				F173207B2A4CAC5300AD13D6 /* Release */,
			);
			defaultConfigurationIsVisible = 0;
			defaultConfigurationName = Release;
		};
		F173207C2A4CAC5300AD13D6 /* Build configuration list for PBXNativeTarget "MasterDetail" */ = {
			isa = XCConfigurationList;
			buildConfigurations = (
				F173207D2A4CAC5300AD13D6 /* Debug */,
				F173207E2A4CAC5300AD13D6 /* Release */,
			);
			defaultConfigurationIsVisible = 0;
			defaultConfigurationName = Release;
		};
/* End XCConfigurationList section */
	};
	rootObject = F17320652A4CAC5100AD13D6 /* Project object */;
}
